PODS:
  - BLActionController (0.1.1):
    - BLListViewController
    - SwipeCellKit
  - BLListDataSource (0.9.33)
  - BLListViewController (0.9.20):
    - BLListDataSource
    - DateTools
    - MJRefresh
  - DateTools (2.0.0)
  - MJRefresh (3.1.15.1)
  - SwipeCellKit (2.0.0)

DEPENDENCIES:
  - BLActionController (from `../`)

EXTERNAL SOURCES:
  BLActionController:
    :path: ../

SPEC CHECKSUMS:
  BLActionController: 085f9df28f8020e8fdc6222f519d9ddf8470a901
  BLListDataSource: ab5452b56b46f1ec3a854edf208f347faa8e65b9
  BLListViewController: be65b0529b4dd96c3cd1746b8f9bbf547e5d0f99
  DateTools: 933ac9c490f21f92127cf690ccd8c397e0126caf
  MJRefresh: 5f8552bc25ca8751c010f621c1098dbdaacbccd6
  SwipeCellKit: 349c61ffde96ac3ae51c2691a03e421b5b29ee98

PODFILE CHECKSUM: 467e8f2e896b15f7816db0f4984a0a7bd41c57ad

COCOAPODS: 1.3.1
